// !$*UTF8*$!
{
	archiveVersion = 1;
	classes = {
	};
	objectVersion = 46;
	objects = {

/* Begin PBXBuildFile section */
		B703FC38195F3220008EF73D /* RegistrationViewController.swift in Sources */ = {isa = PBXBuildFile; fileRef = B703FC37195F3220008EF73D /* RegistrationViewController.swift */; };
		B8540796195EEECD000EB420 /* AppDelegate.swift in Sources */ = {isa = PBXBuildFile; fileRef = B8540795195EEECD000EB420 /* AppDelegate.swift */; };
		B8540798195EEECD000EB420 /* ViewController.swift in Sources */ = {isa = PBXBuildFile; fileRef = B8540797195EEECD000EB420 /* ViewController.swift */; };
		B854079B195EEECD000EB420 /* Main.storyboard in Resources */ = {isa = PBXBuildFile; fileRef = B8540799195EEECD000EB420 /* Main.storyboard */; };
		B854079D195EEECD000EB420 /* Images.xcassets in Resources */ = {isa = PBXBuildFile; fileRef = B854079C195EEECD000EB420 /* Images.xcassets */; };
		B85407A9195EEECD000EB420 /* TouchAuthTests.swift in Sources */ = {isa = PBXBuildFile; fileRef = B85407A8195EEECD000EB420 /* TouchAuthTests.swift */; };
/* End PBXBuildFile section */

/* Begin PBXContainerItemProxy section */
		B85407A3195EEECD000EB420 /* PBXContainerItemProxy */ = {
			isa = PBXContainerItemProxy;
			containerPortal = B8540788195EEECD000EB420 /* Project object */;
			proxyType = 1;
			remoteGlobalIDString = B854078F195EEECD000EB420;
			remoteInfo = TouchAuth;
		};
/* End PBXContainerItemProxy section */

/* Begin PBXFileReference section */
		B703FC37195F3220008EF73D /* RegistrationViewController.swift */ = {isa = PBXFileReference; fileEncoding = 4; lastKnownFileType = sourcecode.swift; path = RegistrationViewController.swift; sourceTree = "<group>"; };
		B8540790195EEECD000EB420 /* TouchAuth.app */ = {isa = PBXFileReference; explicitFileType = wrapper.application; includeInIndex = 0; path = TouchAuth.app; sourceTree = BUILT_PRODUCTS_DIR; };
		B8540794195EEECD000EB420 /* Info.plist */ = {isa = PBXFileReference; lastKnownFileType = text.plist.xml; path = Info.plist; sourceTree = "<group>"; };
		B8540795195EEECD000EB420 /* AppDelegate.swift */ = {isa = PBXFileReference; lastKnownFileType = sourcecode.swift; path = AppDelegate.swift; sourceTree = "<group>"; };
		B8540797195EEECD000EB420 /* ViewController.swift */ = {isa = PBXFileReference; lastKnownFileType = sourcecode.swift; path = ViewController.swift; sourceTree = "<group>"; };
		B854079A195EEECD000EB420 /* Base */ = {isa = PBXFileReference; lastKnownFileType = file.storyboard; name = Base; path = Base.lproj/Main.storyboard; sourceTree = "<group>"; };
		B854079C195EEECD000EB420 /* Images.xcassets */ = {isa = PBXFileReference; lastKnownFileType = folder.assetcatalog; path = Images.xcassets; sourceTree = "<group>"; };
		B85407A2195EEECD000EB420 /* TouchAuthTests.xctest */ = {isa = PBXFileReference; explicitFileType = wrapper.cfbundle; includeInIndex = 0; path = TouchAuthTests.xctest; sourceTree = BUILT_PRODUCTS_DIR; };
		B85407A7195EEECD000EB420 /* Info.plist */ = {isa = PBXFileReference; lastKnownFileType = text.plist.xml; path = Info.plist; sourceTree = "<group>"; };
		B85407A8195EEECD000EB420 /* TouchAuthTests.swift */ = {isa = PBXFileReference; lastKnownFileType = sourcecode.swift; path = TouchAuthTests.swift; sourceTree = "<group>"; };
/* End PBXFileReference section */

/* Begin PBXFrameworksBuildPhase section */
		B854078D195EEECD000EB420 /* Frameworks */ = {
			isa = PBXFrameworksBuildPhase;
			buildActionMask = 2147483647;
			files = (
			);
			runOnlyForDeploymentPostprocessing = 0;
		};
		B854079F195EEECD000EB420 /* Frameworks */ = {
			isa = PBXFrameworksBuildPhase;
			buildActionMask = 2147483647;
			files = (
			);
			runOnlyForDeploymentPostprocessing = 0;
		};
/* End PBXFrameworksBuildPhase section */

/* Begin PBXGroup section */
		B8540787195EEECD000EB420 = {
			isa = PBXGroup;
			children = (
				B8540792195EEECD000EB420 /* TouchAuth */,
				B85407A5195EEECD000EB420 /* TouchAuthTests */,
				B8540791195EEECD000EB420 /* Products */,
			);
			sourceTree = "<group>";
		};
		B8540791195EEECD000EB420 /* Products */ = {
			isa = PBXGroup;
			children = (
				B8540790195EEECD000EB420 /* TouchAuth.app */,
				B85407A2195EEECD000EB420 /* TouchAuthTests.xctest */,
			);
			name = Products;
			sourceTree = "<group>";
		};
		B8540792195EEECD000EB420 /* TouchAuth */ = {
			isa = PBXGroup;
			children = (
				B8540795195EEECD000EB420 /* AppDelegate.swift */,
				B8540797195EEECD000EB420 /* ViewController.swift */,
				B8540799195EEECD000EB420 /* Main.storyboard */,
				B854079C195EEECD000EB420 /* Images.xcassets */,
				B8540793195EEECD000EB420 /* Supporting Files */,
				B703FC37195F3220008EF73D /* RegistrationViewController.swift */,
			);
			path = TouchAuth;
			sourceTree = "<group>";
		};
		B8540793195EEECD000EB420 /* Supporting Files */ = {
			isa = PBXGroup;
			children = (
				B8540794195EEECD000EB420 /* Info.plist */,
			);
			name = "Supporting Files";
			sourceTree = "<group>";
		};
		B85407A5195EEECD000EB420 /* TouchAuthTests */ = {
			isa = PBXGroup;
			children = (
				B85407A8195EEECD000EB420 /* TouchAuthTests.swift */,
				B85407A6195EEECD000EB420 /* Supporting Files */,
			);
			path = TouchAuthTests;
			sourceTree = "<group>";
		};
		B85407A6195EEECD000EB420 /* Supporting Files */ = {
			isa = PBXGroup;
			children = (
				B85407A7195EEECD000EB420 /* Info.plist */,
			);
			name = "Supporting Files";
			sourceTree = "<group>";
		};
/* End PBXGroup section */

/* Begin PBXNativeTarget section */
		B854078F195EEECD000EB420 /* TouchAuth */ = {
			isa = PBXNativeTarget;
			buildConfigurationList = B85407AC195EEECD000EB420 /* Build configuration list for PBXNativeTarget "TouchAuth" */;
			buildPhases = (
				B854078C195EEECD000EB420 /* Sources */,
				B854078D195EEECD000EB420 /* Frameworks */,
				B854078E195EEECD000EB420 /* Resources */,
			);
			buildRules = (
			);
			dependencies = (
			);
			name = TouchAuth;
			productName = TouchAuth;
			productReference = B8540790195EEECD000EB420 /* TouchAuth.app */;
			productType = "com.apple.product-type.application";
		};
		B85407A1195EEECD000EB420 /* TouchAuthTests */ = {
			isa = PBXNativeTarget;
			buildConfigurationList = B85407AF195EEECD000EB420 /* Build configuration list for PBXNativeTarget "TouchAuthTests" */;
			buildPhases = (
				B854079E195EEECD000EB420 /* Sources */,
				B854079F195EEECD000EB420 /* Frameworks */,
				B85407A0195EEECD000EB420 /* Resources */,
			);
			buildRules = (
			);
			dependencies = (
				B85407A4195EEECD000EB420 /* PBXTargetDependency */,
			);
			name = TouchAuthTests;
			productName = TouchAuthTests;
			productReference = B85407A2195EEECD000EB420 /* TouchAuthTests.xctest */;
			productType = "com.apple.product-type.bundle.unit-test";
		};
/* End PBXNativeTarget section */

/* Begin PBXProject section */
		B8540788195EEECD000EB420 /* Project object */ = {
			isa = PBXProject;
			attributes = {
				LastUpgradeCheck = 0600;
				ORGANIZATIONNAME = "Прибыткова Зоя";
				TargetAttributes = {
					B854078F195EEECD000EB420 = {
						CreatedOnToolsVersion = 6.0;
					};
					B85407A1195EEECD000EB420 = {
						CreatedOnToolsVersion = 6.0;
						TestTargetID = B854078F195EEECD000EB420;
					};
				};
			};
			buildConfigurationList = B854078B195EEECD000EB420 /* Build configuration list for PBXProject "TouchAuth" */;
			compatibilityVersion = "Xcode 3.2";
			developmentRegion = English;
			hasScannedForEncodings = 0;
			knownRegions = (
				en,
				Base,
			);
			mainGroup = B8540787195EEECD000EB420;
			productRefGroup = B8540791195EEECD000EB420 /* Products */;
			projectDirPath = "";
			projectRoot = "";
			targets = (
				B854078F195EEECD000EB420 /* TouchAuth */,
				B85407A1195EEECD000EB420 /* TouchAuthTests */,
			);
		};
/* End PBXProject section */

/* Begin PBXResourcesBuildPhase section */
		B854078E195EEECD000EB420 /* Resources */ = {
			isa = PBXResourcesBuildPhase;
			buildActionMask = 2147483647;
			files = (
				B854079B195EEECD000EB420 /* Main.storyboard in Resources */,
				B854079D195EEECD000EB420 /* Images.xcassets in Resources */,
			);
			runOnlyForDeploymentPostprocessing = 0;
		};
		B85407A0195EEECD000EB420 /* Resources */ = {
			isa = PBXResourcesBuildPhase;
			buildActionMask = 2147483647;
			files = (
			);
			runOnlyForDeploymentPostprocessing = 0;
		};
/* End PBXResourcesBuildPhase section */

/* Begin PBXSourcesBuildPhase section */
		B854078C195EEECD000EB420 /* Sources */ = {
			isa = PBXSourcesBuildPhase;
			buildActionMask = 2147483647;
			files = (
				B703FC38195F3220008EF73D /* RegistrationViewController.swift in Sources */,
				B8540798195EEECD000EB420 /* ViewController.swift in Sources */,
				B8540796195EEECD000EB420 /* AppDelegate.swift in Sources */,
			);
			runOnlyForDeploymentPostprocessing = 0;
		};
		B854079E195EEECD000EB420 /* Sources */ = {
			isa = PBXSourcesBuildPhase;
			buildActionMask = 2147483647;
			files = (
				B85407A9195EEECD000EB420 /* TouchAuthTests.swift in Sources */,
			);
			runOnlyForDeploymentPostprocessing = 0;
		};
/* End PBXSourcesBuildPhase section */

/* Begin PBXTargetDependency section */
		B85407A4195EEECD000EB420 /* PBXTargetDependency */ = {
			isa = PBXTargetDependency;
			target = B854078F195EEECD000EB420 /* TouchAuth */;
			targetProxy = B85407A3195EEECD000EB420 /* PBXContainerItemProxy */;
		};
/* End PBXTargetDependency section */

/* Begin PBXVariantGroup section */
		B8540799195EEECD000EB420 /* Main.storyboard */ = {
			isa = PBXVariantGroup;
			children = (
				B854079A195EEECD000EB420 /* Base */,
			);
			name = Main.storyboard;
			sourceTree = "<group>";
		};
/* End PBXVariantGroup section */

/* Begin XCBuildConfiguration section */
		B85407AA195EEECD000EB420 /* Debug */ = {
			isa = XCBuildConfiguration;
			buildSettings = {
				ALWAYS_SEARCH_USER_PATHS = NO;
				CLANG_CXX_LANGUAGE_STANDARD = "gnu++0x";
				CLANG_CXX_LIBRARY = "libc++";
				CLANG_ENABLE_MODULES = YES;
				CLANG_ENABLE_OBJC_ARC = YES;
				CLANG_WARN_BOOL_CONVERSION = YES;
				CLANG_WARN_CONSTANT_CONVERSION = YES;
				CLANG_WARN_DIRECT_OBJC_ISA_USAGE = YES_ERROR;
				CLANG_WARN_EMPTY_BODY = YES;
				CLANG_WARN_ENUM_CONVERSION = YES;
				CLANG_WARN_INT_CONVERSION = YES;
				CLANG_WARN_OBJC_ROOT_CLASS = YES_ERROR;
				CLANG_WARN_UNREACHABLE_CODE = YES;
				CLANG_WARN__DUPLICATE_METHOD_MATCH = YES;
				"CODE_SIGN_IDENTITY[sdk=iphoneos*]" = "iPhone Developer";
				COPY_PHASE_STRIP = NO;
				ENABLE_STRICT_OBJC_MSGSEND = YES;
				GCC_C_LANGUAGE_STANDARD = gnu99;
				GCC_DYNAMIC_NO_PIC = NO;
				GCC_OPTIMIZATION_LEVEL = 0;
				GCC_PREPROCESSOR_DEFINITIONS = (
					"DEBUG=1",
					"$(inherited)",
				);
				GCC_SYMBOLS_PRIVATE_EXTERN = NO;
				GCC_WARN_64_TO_32_BIT_CONVERSION = YES;
				GCC_WARN_ABOUT_RETURN_TYPE = YES_ERROR;
				GCC_WARN_UNDECLARED_SELECTOR = YES;
				GCC_WARN_UNINITIALIZED_AUTOS = YES_AGGRESSIVE;
				GCC_WARN_UNUSED_FUNCTION = YES;
				GCC_WARN_UNUSED_VARIABLE = YES;
				IPHONEOS_DEPLOYMENT_TARGET = 8.0;
				METAL_ENABLE_DEBUG_INFO = YES;
				ONLY_ACTIVE_ARCH = YES;
				SDKROOT = iphoneos;
				SWIFT_OPTIMIZATION_LEVEL = "-Onone";
				TARGETED_DEVICE_FAMILY = "1,2";
			};
			name = Debug;
		};
		B85407AB195EEECD000EB420 /* Release */ = {
			isa = XCBuildConfiguration;
			buildSettings = {
				ALWAYS_SEARCH_USER_PATHS = NO;
				CLANG_CXX_LANGUAGE_STANDARD = "gnu++0x";
				CLANG_CXX_LIBRARY = "libc++";
				CLANG_ENABLE_MODULES = YES;
				CLANG_ENABLE_OBJC_ARC = YES;
				CLANG_WARN_BOOL_CONVERSION = YES;
				CLANG_WARN_CONSTANT_CONVERSION = YES;
				CLANG_WARN_DIRECT_OBJC_ISA_USAGE = YES_ERROR;
				CLANG_WARN_EMPTY_BODY = YES;
				CLANG_WARN_ENUM_CONVERSION = YES;
				CLANG_WARN_INT_CONVERSION = YES;
				CLANG_WARN_OBJC_ROOT_CLASS = YES_ERROR;
				CLANG_WARN_UNREACHABLE_CODE = YES;
				CLANG_WARN__DUPLICATE_METHOD_MATCH = YES;
				"CODE_SIGN_IDENTITY[sdk=iphoneos*]" = "iPhone Developer";
				COPY_PHASE_STRIP = YES;
				ENABLE_NS_ASSERTIONS = NO;
				ENABLE_STRICT_OBJC_MSGSEND = YES;
				GCC_C_LANGUAGE_STANDARD = gnu99;
				GCC_WARN_64_TO_32_BIT_CONVERSION = YES;
				GCC_WARN_ABOUT_RETURN_TYPE = YES_ERROR;
				GCC_WARN_UNDECLARED_SELECTOR = YES;
				GCC_WARN_UNINITIALIZED_AUTOS = YES_AGGRESSIVE;
				GCC_WARN_UNUSED_FUNCTION = YES;
				GCC_WARN_UNUSED_VARIABLE = YES;
				IPHONEOS_DEPLOYMENT_TARGET = 8.0;
				METAL_ENABLE_DEBUG_INFO = NO;
				SDKROOT = iphoneos;
				TARGETED_DEVICE_FAMILY = "1,2";
				VALIDATE_PRODUCT = YES;
			};
			name = Release;
		};
		B85407AD195EEECD000EB420 /* Debug */ = {
			isa = XCBuildConfiguration;
			buildSettings = {
				ASSETCATALOG_COMPILER_APPICON_NAME = AppIcon;
				ASSETCATALOG_COMPILER_LAUNCHIMAGE_NAME = LaunchImage;
				INFOPLIST_FILE = TouchAuth/Info.plist;
				LD_RUNPATH_SEARCH_PATHS = "$(inherited) @executable_path/Frameworks";
				PRODUCT_NAME = "$(TARGET_NAME)";
			};
			name = Debug;
		};
		B85407AE195EEECD000EB420 /* Release */ = {
			isa = XCBuildConfiguration;
			buildSettings = {
				ASSETCATALOG_COMPILER_APPICON_NAME = AppIcon;
				ASSETCATALOG_COMPILER_LAUNCHIMAGE_NAME = LaunchImage;
				INFOPLIST_FILE = TouchAuth/Info.plist;
				LD_RUNPATH_SEARCH_PATHS = "$(inherited) @executable_path/Frameworks";
				PRODUCT_NAME = "$(TARGET_NAME)";
			};
			name = Release;
		};
		B85407B0195EEECD000EB420 /* Debug */ = {
			isa = XCBuildConfiguration;
			buildSettings = {
				BUNDLE_LOADER = "$(BUILT_PRODUCTS_DIR)/TouchAuth.app/TouchAuth";
				FRAMEWORK_SEARCH_PATHS = (
					"$(SDKROOT)/Developer/Library/Frameworks",
					"$(inherited)",
				);
				GCC_PREPROCESSOR_DEFINITIONS = (
					"DEBUG=1",
					"$(inherited)",
				);
				INFOPLIST_FILE = TouchAuthTests/Info.plist;
				LD_RUNPATH_SEARCH_PATHS = "$(inherited) @executable_path/Frameworks @loader_path/Frameworks";
				METAL_ENABLE_DEBUG_INFO = YES;
				PRODUCT_NAME = "$(TARGET_NAME)";
				TEST_HOST = "$(BUNDLE_LOADER)";
			};
			name = Debug;
		};
		B85407B1195EEECD000EB420 /* Release */ = {
			isa = XCBuildConfiguration;
			buildSettings = {
				BUNDLE_LOADER = "$(BUILT_PRODUCTS_DIR)/TouchAuth.app/TouchAuth";
				FRAMEWORK_SEARCH_PATHS = (
					"$(SDKROOT)/Developer/Library/Frameworks",
					"$(inherited)",
				);
				INFOPLIST_FILE = TouchAuthTests/Info.plist;
				LD_RUNPATH_SEARCH_PATHS = "$(inherited) @executable_path/Frameworks @loader_path/Frameworks";
				METAL_ENABLE_DEBUG_INFO = NO;
				PRODUCT_NAME = "$(TARGET_NAME)";
				TEST_HOST = "$(BUNDLE_LOADER)";
			};
			name = Release;
		};
/* End XCBuildConfiguration section */

/* Begin XCConfigurationList section */
		B854078B195EEECD000EB420 /* Build configuration list for PBXProject "TouchAuth" */ = {
			isa = XCConfigurationList;
			buildConfigurations = (
				B85407AA195EEECD000EB420 /* Debug */,
				B85407AB195EEECD000EB420 /* Release */,
			);
			defaultConfigurationIsVisible = 0;
			defaultConfigurationName = Release;
		};
		B85407AC195EEECD000EB420 /* Build configuration list for PBXNativeTarget "TouchAuth" */ = {
			isa = XCConfigurationList;
			buildConfigurations = (
				B85407AD195EEECD000EB420 /* Debug */,
				B85407AE195EEECD000EB420 /* Release */,
			);
			defaultConfigurationIsVisible = 0;
			defaultConfigurationName = Release;
		};
		B85407AF195EEECD000EB420 /* Build configuration list for PBXNativeTarget "TouchAuthTests" */ = {
			isa = XCConfigurationList;
			buildConfigurations = (
				B85407B0195EEECD000EB420 /* Debug */,
				B85407B1195EEECD000EB420 /* Release */,
			);
			defaultConfigurationIsVisible = 0;
			defaultConfigurationName = Release;
		};
/* End XCConfigurationList section */
	};
	rootObject = B8540788195EEECD000EB420 /* Project object */;
}
